# Prisma Migrate lockfile v1

20201117093942-test
20201117130343-make-slug-unique
20201118023744-add-created-at-on-game-model
20201206035142-create-orders
20201206035428-change-orders-columns
20201206064013-add-created-at-columns-to-orders
20201206065744-transaction-id
20201217044341-order-schema-updated
20201217053040-add-player-id-to-order
20201218051704-add-order-status-to-order